
Microsoft Visual Studio Solution File, Format Version 12.00
# Visual Studio Version 17
VisualStudioVersion = 17.9.34728.123
MinimumVisualStudioVersion = 10.0.40219.1
Project("{FAE04EC0-301F-11D3-BF4B-00C04F79EFBC}") = "ShopManager", "ShopManager\ShopManager.csproj", "{ACF98496-7982-4EA0-992F-7ABAF8A97CFE}"
EndProject
Project("{FAE04EC0-301F-11D3-BF4B-00C04F79EFBC}") = "ShopManager.DAL.", "ShopManager.DAL\ShopManager.DAL..csproj", "{D61C4834-CE82-4EF8-AB9C-5015C2FAC20C}"
EndProject
Project("{FAE04EC0-301F-11D3-BF4B-00C04F79EFBC}") = "ShopManager.BLL.", "ShopManager.BLL\ShopManager.BLL..csproj", "{94E0B6BD-C0AE-463E-AEA7-1CDACECA7A80}"
EndProject
Global
	GlobalSection(SolutionConfigurationPlatforms) = preSolution
		Debug|Any CPU = Debug|Any CPU
		Release|Any CPU = Release|Any CPU
	EndGlobalSection
	GlobalSection(ProjectConfigurationPlatforms) = postSolution
		{ACF98496-7982-4EA0-992F-7ABAF8A97CFE}.Debug|Any CPU.ActiveCfg = Debug|Any CPU
		{ACF98496-7982-4EA0-992F-7ABAF8A97CFE}.Debug|Any CPU.Build.0 = Debug|Any CPU
		{ACF98496-7982-4EA0-992F-7ABAF8A97CFE}.Release|Any CPU.ActiveCfg = Release|Any CPU
		{ACF98496-7982-4EA0-992F-7ABAF8A97CFE}.Release|Any CPU.Build.0 = Release|Any CPU
		{D61C4834-CE82-4EF8-AB9C-5015C2FAC20C}.Debug|Any CPU.ActiveCfg = Debug|Any CPU
		{D61C4834-CE82-4EF8-AB9C-5015C2FAC20C}.Debug|Any CPU.Build.0 = Debug|Any CPU
		{D61C4834-CE82-4EF8-AB9C-5015C2FAC20C}.Release|Any CPU.ActiveCfg = Release|Any CPU
		{D61C4834-CE82-4EF8-AB9C-5015C2FAC20C}.Release|Any CPU.Build.0 = Release|Any CPU
		{94E0B6BD-C0AE-463E-AEA7-1CDACECA7A80}.Debug|Any CPU.ActiveCfg = Debug|Any CPU
		{94E0B6BD-C0AE-463E-AEA7-1CDACECA7A80}.Debug|Any CPU.Build.0 = Debug|Any CPU
		{94E0B6BD-C0AE-463E-AEA7-1CDACECA7A80}.Release|Any CPU.ActiveCfg = Release|Any CPU
		{94E0B6BD-C0AE-463E-AEA7-1CDACECA7A80}.Release|Any CPU.Build.0 = Release|Any CPU
	EndGlobalSection
	GlobalSection(SolutionProperties) = preSolution
		HideSolutionNode = FALSE
	EndGlobalSection
	GlobalSection(ExtensibilityGlobals) = postSolution
		SolutionGuid = {C0DBB579-6EA6-4D96-9538-C84C792D3944}
	EndGlobalSection
EndGlobal
